
Microsoft Visual Studio Solution File, Format Version 12.00
# Visual Studio Version 17
VisualStudioVersion = 17.11.35219.272
MinimumVisualStudioVersion = 10.0.40219.1
Project("{FAE04EC0-301F-11D3-BF4B-00C04F79EFBC}") = "HackatonPorto", "HackatonPorto\HackatonPorto.csproj", "{7EAB5A5E-450C-44F3-8CD6-1464CB1E1B77}"
EndProject
Global
	GlobalSection(SolutionConfigurationPlatforms) = preSolution
		Debug|Any CPU = Debug|Any CPU
		Release|Any CPU = Release|Any CPU
	EndGlobalSection
	GlobalSection(ProjectConfigurationPlatforms) = postSolution
		{7EAB5A5E-450C-44F3-8CD6-1464CB1E1B77}.Debug|Any CPU.ActiveCfg = Debug|Any CPU
		{7EAB5A5E-450C-44F3-8CD6-1464CB1E1B77}.Debug|Any CPU.Build.0 = Debug|Any CPU
		{7EAB5A5E-450C-44F3-8CD6-1464CB1E1B77}.Release|Any CPU.ActiveCfg = Release|Any CPU
		{7EAB5A5E-450C-44F3-8CD6-1464CB1E1B77}.Release|Any CPU.Build.0 = Release|Any CPU
	EndGlobalSection
	GlobalSection(SolutionProperties) = preSolution
		HideSolutionNode = FALSE
	EndGlobalSection
	GlobalSection(ExtensibilityGlobals) = postSolution
		SolutionGuid = {8E49DB20-989A-4825-923C-383FE28D7BA7}
	EndGlobalSection
EndGlobal
